// !$*UTF8*$!
{
	archiveVersion = 1;
	classes = {
	};
	objectVersion = 50;
	objects = {

/* Begin PBXBuildFile section */
		907C4D862276F49C006F2761 /* AppDelegate.m in Sources */ = {isa = PBXBuildFile; fileRef = 907C4D852276F49C006F2761 /* AppDelegate.m */; };
		907C4D892276F49C006F2761 /* ViewController.m in Sources */ = {isa = PBXBuildFile; fileRef = 907C4D882276F49C006F2761 /* ViewController.m */; };
		907C4D8C2276F49C006F2761 /* Main.storyboard in Resources */ = {isa = PBXBuildFile; fileRef = 907C4D8A2276F49C006F2761 /* Main.storyboard */; };
		907C4D8E2276F49D006F2761 /* Assets.xcassets in Resources */ = {isa = PBXBuildFile; fileRef = 907C4D8D2276F49D006F2761 /* Assets.xcassets */; };
		907C4D912276F49D006F2761 /* LaunchScreen.storyboard in Resources */ = {isa = PBXBuildFile; fileRef = 907C4D8F2276F49D006F2761 /* LaunchScreen.storyboard */; };
		907C4D942276F49D006F2761 /* main.m in Sources */ = {isa = PBXBuildFile; fileRef = 907C4D932276F49D006F2761 /* main.m */; };
/* End PBXBuildFile section */

/* Begin PBXFileReference section */
		907C4D812276F49C006F2761 /* MapboxPerspectiveBug.app */ = {isa = PBXFileReference; explicitFileType = wrapper.application; includeInIndex = 0; path = MapboxPerspectiveBug.app; sourceTree = BUILT_PRODUCTS_DIR; };
		907C4D842276F49C006F2761 /* AppDelegate.h */ = {isa = PBXFileReference; lastKnownFileType = sourcecode.c.h; path = AppDelegate.h; sourceTree = "<group>"; };
		907C4D852276F49C006F2761 /* AppDelegate.m */ = {isa = PBXFileReference; lastKnownFileType = sourcecode.c.objc; path = AppDelegate.m; sourceTree = "<group>"; };
		907C4D872276F49C006F2761 /* ViewController.h */ = {isa = PBXFileReference; lastKnownFileType = sourcecode.c.h; path = ViewController.h; sourceTree = "<group>"; };
		907C4D882276F49C006F2761 /* ViewController.m */ = {isa = PBXFileReference; lastKnownFileType = sourcecode.c.objc; path = ViewController.m; sourceTree = "<group>"; };
		907C4D8B2276F49C006F2761 /* Base */ = {isa = PBXFileReference; lastKnownFileType = file.storyboard; name = Base; path = Base.lproj/Main.storyboard; sourceTree = "<group>"; };
		907C4D8D2276F49D006F2761 /* Assets.xcassets */ = {isa = PBXFileReference; lastKnownFileType = folder.assetcatalog; path = Assets.xcassets; sourceTree = "<group>"; };
		907C4D902276F49D006F2761 /* Base */ = {isa = PBXFileReference; lastKnownFileType = file.storyboard; name = Base; path = Base.lproj/LaunchScreen.storyboard; sourceTree = "<group>"; };
		907C4D922276F49D006F2761 /* Info.plist */ = {isa = PBXFileReference; lastKnownFileType = text.plist.xml; path = Info.plist; sourceTree = "<group>"; };
		907C4D932276F49D006F2761 /* main.m */ = {isa = PBXFileReference; lastKnownFileType = sourcecode.c.objc; path = main.m; sourceTree = "<group>"; };
/* End PBXFileReference section */

/* Begin PBXFrameworksBuildPhase section */
		907C4D7E2276F49C006F2761 /* Frameworks */ = {
			isa = PBXFrameworksBuildPhase;
			buildActionMask = 2147483647;
			files = (
			);
			runOnlyForDeploymentPostprocessing = 0;
		};
/* End PBXFrameworksBuildPhase section */

/* Begin PBXGroup section */
		907C4D782276F49C006F2761 = {
			isa = PBXGroup;
			children = (
				907C4D832276F49C006F2761 /* MapboxPerspectiveBug */,
				907C4D822276F49C006F2761 /* Products */,
			);
			sourceTree = "<group>";
		};
		907C4D822276F49C006F2761 /* Products */ = {
			isa = PBXGroup;
			children = (
				907C4D812276F49C006F2761 /* MapboxPerspectiveBug.app */,
			);
			name = Products;
			sourceTree = "<group>";
		};
		907C4D832276F49C006F2761 /* MapboxPerspectiveBug */ = {
			isa = PBXGroup;
			children = (
				907C4D842276F49C006F2761 /* AppDelegate.h */,
				907C4D852276F49C006F2761 /* AppDelegate.m */,
				907C4D872276F49C006F2761 /* ViewController.h */,
				907C4D882276F49C006F2761 /* ViewController.m */,
				907C4D8A2276F49C006F2761 /* Main.storyboard */,
				907C4D8D2276F49D006F2761 /* Assets.xcassets */,
				907C4D8F2276F49D006F2761 /* LaunchScreen.storyboard */,
				907C4D922276F49D006F2761 /* Info.plist */,
				907C4D932276F49D006F2761 /* main.m */,
			);
			path = MapboxPerspectiveBug;
			sourceTree = "<group>";
		};
/* End PBXGroup section */

/* Begin PBXNativeTarget section */
		907C4D802276F49C006F2761 /* MapboxPerspectiveBug */ = {
			isa = PBXNativeTarget;
			buildConfigurationList = 907C4D972276F49D006F2761 /* Build configuration list for PBXNativeTarget "MapboxPerspectiveBug" */;
			buildPhases = (
				907C4D7D2276F49C006F2761 /* Sources */,
				907C4D7E2276F49C006F2761 /* Frameworks */,
				907C4D7F2276F49C006F2761 /* Resources */,
			);
			buildRules = (
			);
			dependencies = (
			);
			name = MapboxPerspectiveBug;
			productName = MapboxPerspectiveBug;
			productReference = 907C4D812276F49C006F2761 /* MapboxPerspectiveBug.app */;
			productType = "com.apple.product-type.application";
		};
/* End PBXNativeTarget section */

/* Begin PBXProject section */
		907C4D792276F49C006F2761 /* Project object */ = {
			isa = PBXProject;
			attributes = {
				LastUpgradeCheck = 1010;
				ORGANIZATIONNAME = "LIVEOP BV";
				TargetAttributes = {
					907C4D802276F49C006F2761 = {
						CreatedOnToolsVersion = 10.1;
					};
				};
			};
			buildConfigurationList = 907C4D7C2276F49C006F2761 /* Build configuration list for PBXProject "MapboxPerspectiveBug" */;
			compatibilityVersion = "Xcode 9.3";
			developmentRegion = en;
			hasScannedForEncodings = 0;
			knownRegions = (
				en,
				Base,
			);
			mainGroup = 907C4D782276F49C006F2761;
			productRefGroup = 907C4D822276F49C006F2761 /* Products */;
			projectDirPath = "";
			projectRoot = "";
			targets = (
				907C4D802276F49C006F2761 /* MapboxPerspectiveBug */,
			);
		};
/* End PBXProject section */

/* Begin PBXResourcesBuildPhase section */
		907C4D7F2276F49C006F2761 /* Resources */ = {
			isa = PBXResourcesBuildPhase;
			buildActionMask = 2147483647;
			files = (
				907C4D912276F49D006F2761 /* LaunchScreen.storyboard in Resources */,
				907C4D8E2276F49D006F2761 /* Assets.xcassets in Resources */,
				907C4D8C2276F49C006F2761 /* Main.storyboard in Resources */,
			);
			runOnlyForDeploymentPostprocessing = 0;
		};
/* End PBXResourcesBuildPhase section */

/* Begin PBXSourcesBuildPhase section */
		907C4D7D2276F49C006F2761 /* Sources */ = {
			isa = PBXSourcesBuildPhase;
			buildActionMask = 2147483647;
			files = (
				907C4D892276F49C006F2761 /* ViewController.m in Sources */,
				907C4D942276F49D006F2761 /* main.m in Sources */,
				907C4D862276F49C006F2761 /* AppDelegate.m in Sources */,
			);
			runOnlyForDeploymentPostprocessing = 0;
		};
/* End PBXSourcesBuildPhase section */

/* Begin PBXVariantGroup section */
		907C4D8A2276F49C006F2761 /* Main.storyboard */ = {
			isa = PBXVariantGroup;
			children = (
				907C4D8B2276F49C006F2761 /* Base */,
			);
			name = Main.storyboard;
			sourceTree = "<group>";
		};
		907C4D8F2276F49D006F2761 /* LaunchScreen.storyboard */ = {
			isa = PBXVariantGroup;
			children = (
				907C4D902276F49D006F2761 /* Base */,
			);
			name = LaunchScreen.storyboard;
			sourceTree = "<group>";
		};
/* End PBXVariantGroup section */

/* Begin XCBuildConfiguration section */
		907C4D952276F49D006F2761 /* Debug */ = {
			isa = XCBuildConfiguration;
			buildSettings = {
				ALWAYS_SEARCH_USER_PATHS = NO;
				CLANG_ANALYZER_NONNULL = YES;
				CLANG_ANALYZER_NUMBER_OBJECT_CONVERSION = YES_AGGRESSIVE;
				CLANG_CXX_LANGUAGE_STANDARD = "gnu++14";
				CLANG_CXX_LIBRARY = "libc++";
				CLANG_ENABLE_MODULES = YES;
				CLANG_ENABLE_OBJC_ARC = YES;
				CLANG_ENABLE_OBJC_WEAK = YES;
				CLANG_WARN_BLOCK_CAPTURE_AUTORELEASING = YES;
				CLANG_WARN_BOOL_CONVERSION = YES;
				CLANG_WARN_COMMA = YES;
				CLANG_WARN_CONSTANT_CONVERSION = YES;
				CLANG_WARN_DEPRECATED_OBJC_IMPLEMENTATIONS = YES;
				CLANG_WARN_DIRECT_OBJC_ISA_USAGE = YES_ERROR;
				CLANG_WARN_DOCUMENTATION_COMMENTS = YES;
				CLANG_WARN_EMPTY_BODY = YES;
				CLANG_WARN_ENUM_CONVERSION = YES;
				CLANG_WARN_INFINITE_RECURSION = YES;
				CLANG_WARN_INT_CONVERSION = YES;
				CLANG_WARN_NON_LITERAL_NULL_CONVERSION = YES;
				CLANG_WARN_OBJC_IMPLICIT_RETAIN_SELF = YES;
				CLANG_WARN_OBJC_LITERAL_CONVERSION = YES;
				CLANG_WARN_OBJC_ROOT_CLASS = YES_ERROR;
				CLANG_WARN_RANGE_LOOP_ANALYSIS = YES;
				CLANG_WARN_STRICT_PROTOTYPES = YES;
				CLANG_WARN_SUSPICIOUS_MOVE = YES;
				CLANG_WARN_UNGUARDED_AVAILABILITY = YES_AGGRESSIVE;
				CLANG_WARN_UNREACHABLE_CODE = YES;
				CLANG_WARN__DUPLICATE_METHOD_MATCH = YES;
				CODE_SIGN_IDENTITY = "iPhone Developer";
				COPY_PHASE_STRIP = NO;
				DEBUG_INFORMATION_FORMAT = dwarf;
				ENABLE_STRICT_OBJC_MSGSEND = YES;
				ENABLE_TESTABILITY = YES;
				GCC_C_LANGUAGE_STANDARD = gnu11;
				GCC_DYNAMIC_NO_PIC = NO;
				GCC_NO_COMMON_BLOCKS = YES;
				GCC_OPTIMIZATION_LEVEL = 0;
				GCC_PREPROCESSOR_DEFINITIONS = (
					"DEBUG=1",
					"$(inherited)",
				);
				GCC_WARN_64_TO_32_BIT_CONVERSION = YES;
				GCC_WARN_ABOUT_RETURN_TYPE = YES_ERROR;
				GCC_WARN_UNDECLARED_SELECTOR = YES;
				GCC_WARN_UNINITIALIZED_AUTOS = YES_AGGRESSIVE;
				GCC_WARN_UNUSED_FUNCTION = YES;
				GCC_WARN_UNUSED_VARIABLE = YES;
				IPHONEOS_DEPLOYMENT_TARGET = 12.1;
				MTL_ENABLE_DEBUG_INFO = INCLUDE_SOURCE;
				MTL_FAST_MATH = YES;
				ONLY_ACTIVE_ARCH = YES;
				SDKROOT = iphoneos;
			};
			name = Debug;
		};
		907C4D962276F49D006F2761 /* Release */ = {
			isa = XCBuildConfiguration;
			buildSettings = {
				ALWAYS_SEARCH_USER_PATHS = NO;
				CLANG_ANALYZER_NONNULL = YES;
				CLANG_ANALYZER_NUMBER_OBJECT_CONVERSION = YES_AGGRESSIVE;
				CLANG_CXX_LANGUAGE_STANDARD = "gnu++14";
				CLANG_CXX_LIBRARY = "libc++";
				CLANG_ENABLE_MODULES = YES;
				CLANG_ENABLE_OBJC_ARC = YES;
				CLANG_ENABLE_OBJC_WEAK = YES;
				CLANG_WARN_BLOCK_CAPTURE_AUTORELEASING = YES;
				CLANG_WARN_BOOL_CONVERSION = YES;
				CLANG_WARN_COMMA = YES;
				CLANG_WARN_CONSTANT_CONVERSION = YES;
				CLANG_WARN_DEPRECATED_OBJC_IMPLEMENTATIONS = YES;
				CLANG_WARN_DIRECT_OBJC_ISA_USAGE = YES_ERROR;
				CLANG_WARN_DOCUMENTATION_COMMENTS = YES;
				CLANG_WARN_EMPTY_BODY = YES;
				CLANG_WARN_ENUM_CONVERSION = YES;
				CLANG_WARN_INFINITE_RECURSION = YES;
				CLANG_WARN_INT_CONVERSION = YES;
				CLANG_WARN_NON_LITERAL_NULL_CONVERSION = YES;
				CLANG_WARN_OBJC_IMPLICIT_RETAIN_SELF = YES;
				CLANG_WARN_OBJC_LITERAL_CONVERSION = YES;
				CLANG_WARN_OBJC_ROOT_CLASS = YES_ERROR;
				CLANG_WARN_RANGE_LOOP_ANALYSIS = YES;
				CLANG_WARN_STRICT_PROTOTYPES = YES;
				CLANG_WARN_SUSPICIOUS_MOVE = YES;
				CLANG_WARN_UNGUARDED_AVAILABILITY = YES_AGGRESSIVE;
				CLANG_WARN_UNREACHABLE_CODE = YES;
				CLANG_WARN__DUPLICATE_METHOD_MATCH = YES;
				CODE_SIGN_IDENTITY = "iPhone Developer";
				COPY_PHASE_STRIP = NO;
				DEBUG_INFORMATION_FORMAT = "dwarf-with-dsym";
				ENABLE_NS_ASSERTIONS = NO;
				ENABLE_STRICT_OBJC_MSGSEND = YES;
				GCC_C_LANGUAGE_STANDARD = gnu11;
				GCC_NO_COMMON_BLOCKS = YES;
				GCC_WARN_64_TO_32_BIT_CONVERSION = YES;
				GCC_WARN_ABOUT_RETURN_TYPE = YES_ERROR;
				GCC_WARN_UNDECLARED_SELECTOR = YES;
				GCC_WARN_UNINITIALIZED_AUTOS = YES_AGGRESSIVE;
				GCC_WARN_UNUSED_FUNCTION = YES;
				GCC_WARN_UNUSED_VARIABLE = YES;
				IPHONEOS_DEPLOYMENT_TARGET = 12.1;
				MTL_ENABLE_DEBUG_INFO = NO;
				MTL_FAST_MATH = YES;
				SDKROOT = iphoneos;
				VALIDATE_PRODUCT = YES;
			};
			name = Release;
		};
		907C4D982276F49D006F2761 /* Debug */ = {
			isa = XCBuildConfiguration;
			buildSettings = {
				ASSETCATALOG_COMPILER_APPICON_NAME = AppIcon;
				CODE_SIGN_STYLE = Automatic;
				DEVELOPMENT_TEAM = 392TBKM22S;
				INFOPLIST_FILE = MapboxPerspectiveBug/Info.plist;
				LD_RUNPATH_SEARCH_PATHS = (
					"$(inherited)",
					"@executable_path/Frameworks",
				);
				PRODUCT_BUNDLE_IDENTIFIER = net.liveop.MapboxPerspectiveBug;
				PRODUCT_NAME = "$(TARGET_NAME)";
				TARGETED_DEVICE_FAMILY = "1,2";
			};
			name = Debug;
		};
		907C4D992276F49D006F2761 /* Release */ = {
			isa = XCBuildConfiguration;
			buildSettings = {
				ASSETCATALOG_COMPILER_APPICON_NAME = AppIcon;
				CODE_SIGN_STYLE = Automatic;
				DEVELOPMENT_TEAM = 392TBKM22S;
				INFOPLIST_FILE = MapboxPerspectiveBug/Info.plist;
				LD_RUNPATH_SEARCH_PATHS = (
					"$(inherited)",
					"@executable_path/Frameworks",
				);
				PRODUCT_BUNDLE_IDENTIFIER = net.liveop.MapboxPerspectiveBug;
				PRODUCT_NAME = "$(TARGET_NAME)";
				TARGETED_DEVICE_FAMILY = "1,2";
			};
			name = Release;
		};
/* End XCBuildConfiguration section */

/* Begin XCConfigurationList section */
		907C4D7C2276F49C006F2761 /* Build configuration list for PBXProject "MapboxPerspectiveBug" */ = {
			isa = XCConfigurationList;
			buildConfigurations = (
				907C4D952276F49D006F2761 /* Debug */,
				907C4D962276F49D006F2761 /* Release */,
			);
			defaultConfigurationIsVisible = 0;
			defaultConfigurationName = Release;
		};
		907C4D972276F49D006F2761 /* Build configuration list for PBXNativeTarget "MapboxPerspectiveBug" */ = {
			isa = XCConfigurationList;
			buildConfigurations = (
				907C4D982276F49D006F2761 /* Debug */,
				907C4D992276F49D006F2761 /* Release */,
			);
			defaultConfigurationIsVisible = 0;
			defaultConfigurationName = Release;
		};
/* End XCConfigurationList section */
	};
	rootObject = 907C4D792276F49C006F2761 /* Project object */;
}
